
Microsoft Visual Studio Solution File, Format Version 12.00
# Visual Studio Version 17
VisualStudioVersion = 17.9.34616.47
MinimumVisualStudioVersion = 10.0.40219.1
Project("{FAE04EC0-301F-11D3-BF4B-00C04F79EFBC}") = "RIK_Proovitöö", "RIK_Proovitöö\RIK_Proovitöö.csproj", "{A5D38D10-8D73-4474-8652-B5CF4B50897E}"
EndProject
Global
	GlobalSection(SolutionConfigurationPlatforms) = preSolution
		Debug|Any CPU = Debug|Any CPU
		Release|Any CPU = Release|Any CPU
	EndGlobalSection
	GlobalSection(ProjectConfigurationPlatforms) = postSolution
		{A5D38D10-8D73-4474-8652-B5CF4B50897E}.Debug|Any CPU.ActiveCfg = Debug|Any CPU
		{A5D38D10-8D73-4474-8652-B5CF4B50897E}.Debug|Any CPU.Build.0 = Debug|Any CPU
		{A5D38D10-8D73-4474-8652-B5CF4B50897E}.Release|Any CPU.ActiveCfg = Release|Any CPU
		{A5D38D10-8D73-4474-8652-B5CF4B50897E}.Release|Any CPU.Build.0 = Release|Any CPU
	EndGlobalSection
	GlobalSection(SolutionProperties) = preSolution
		HideSolutionNode = FALSE
	EndGlobalSection
	GlobalSection(ExtensibilityGlobals) = postSolution
		SolutionGuid = {71F2B95B-A025-4CF3-A32E-F44F3C977630}
	EndGlobalSection
EndGlobal
